// !$*UTF8*$!
{
	archiveVersion = 1;
	classes = {
	};
	objectVersion = 46;
	objects = {

/* Begin PBXBuildFile section */
		9A07104E1C00908D00115AFA /* AppDelegate.swift in Sources */ = {isa = PBXBuildFile; fileRef = 9A07104D1C00908D00115AFA /* AppDelegate.swift */; };
		9A0710531C00908D00115AFA /* Main.storyboard in Resources */ = {isa = PBXBuildFile; fileRef = 9A0710511C00908D00115AFA /* Main.storyboard */; };
		9A0710551C00908D00115AFA /* Assets.xcassets in Resources */ = {isa = PBXBuildFile; fileRef = 9A0710541C00908D00115AFA /* Assets.xcassets */; };
		9A0710581C00908D00115AFA /* LaunchScreen.storyboard in Resources */ = {isa = PBXBuildFile; fileRef = 9A0710561C00908D00115AFA /* LaunchScreen.storyboard */; };
		9A0710631C00908D00115AFA /* FluidCashTests.swift in Sources */ = {isa = PBXBuildFile; fileRef = 9A0710621C00908D00115AFA /* FluidCashTests.swift */; };
		9A07106E1C00908D00115AFA /* FluidCashUITests.swift in Sources */ = {isa = PBXBuildFile; fileRef = 9A07106D1C00908D00115AFA /* FluidCashUITests.swift */; };
		9AC861CC1C00B41D0099546F /* FBSDKLoginKit.framework in Frameworks */ = {isa = PBXBuildFile; fileRef = 9AC861CB1C00B41D0099546F /* FBSDKLoginKit.framework */; };
		9AC861CE1C00B4210099546F /* FBSDKCoreKit.framework in Frameworks */ = {isa = PBXBuildFile; fileRef = 9AC861CD1C00B4210099546F /* FBSDKCoreKit.framework */; };
		9AC861D31C00B9E70099546F /* WelcomeViewController.swift in Sources */ = {isa = PBXBuildFile; fileRef = 9AC861D21C00B9E70099546F /* WelcomeViewController.swift */; };
		9AC861D61C00C4BC0099546F /* CandidateFacebookData.swift in Sources */ = {isa = PBXBuildFile; fileRef = 9AC861D51C00C4BC0099546F /* CandidateFacebookData.swift */; };
/* End PBXBuildFile section */

/* Begin PBXContainerItemProxy section */
		9A07105F1C00908D00115AFA /* PBXContainerItemProxy */ = {
			isa = PBXContainerItemProxy;
			containerPortal = 9A0710421C00908D00115AFA /* Project object */;
			proxyType = 1;
			remoteGlobalIDString = 9A0710491C00908D00115AFA;
			remoteInfo = FluidCash;
		};
		9A07106A1C00908D00115AFA /* PBXContainerItemProxy */ = {
			isa = PBXContainerItemProxy;
			containerPortal = 9A0710421C00908D00115AFA /* Project object */;
			proxyType = 1;
			remoteGlobalIDString = 9A0710491C00908D00115AFA;
			remoteInfo = FluidCash;
		};
/* End PBXContainerItemProxy section */

/* Begin PBXFileReference section */
		9A07104A1C00908D00115AFA /* FluidCash.app */ = {isa = PBXFileReference; explicitFileType = wrapper.application; includeInIndex = 0; path = FluidCash.app; sourceTree = BUILT_PRODUCTS_DIR; };
		9A07104D1C00908D00115AFA /* AppDelegate.swift */ = {isa = PBXFileReference; lastKnownFileType = sourcecode.swift; path = AppDelegate.swift; sourceTree = "<group>"; };
		9A0710521C00908D00115AFA /* Base */ = {isa = PBXFileReference; lastKnownFileType = file.storyboard; name = Base; path = Base.lproj/Main.storyboard; sourceTree = "<group>"; };
		9A0710541C00908D00115AFA /* Assets.xcassets */ = {isa = PBXFileReference; lastKnownFileType = folder.assetcatalog; path = Assets.xcassets; sourceTree = "<group>"; };
		9A0710571C00908D00115AFA /* Base */ = {isa = PBXFileReference; lastKnownFileType = file.storyboard; name = Base; path = Base.lproj/LaunchScreen.storyboard; sourceTree = "<group>"; };
		9A0710591C00908D00115AFA /* Info.plist */ = {isa = PBXFileReference; lastKnownFileType = text.plist.xml; path = Info.plist; sourceTree = "<group>"; };
		9A07105E1C00908D00115AFA /* FluidCashTests.xctest */ = {isa = PBXFileReference; explicitFileType = wrapper.cfbundle; includeInIndex = 0; path = FluidCashTests.xctest; sourceTree = BUILT_PRODUCTS_DIR; };
		9A0710621C00908D00115AFA /* FluidCashTests.swift */ = {isa = PBXFileReference; lastKnownFileType = sourcecode.swift; path = FluidCashTests.swift; sourceTree = "<group>"; };
		9A0710641C00908D00115AFA /* Info.plist */ = {isa = PBXFileReference; lastKnownFileType = text.plist.xml; path = Info.plist; sourceTree = "<group>"; };
		9A0710691C00908D00115AFA /* FluidCashUITests.xctest */ = {isa = PBXFileReference; explicitFileType = wrapper.cfbundle; includeInIndex = 0; path = FluidCashUITests.xctest; sourceTree = BUILT_PRODUCTS_DIR; };
		9A07106D1C00908D00115AFA /* FluidCashUITests.swift */ = {isa = PBXFileReference; lastKnownFileType = sourcecode.swift; path = FluidCashUITests.swift; sourceTree = "<group>"; };
		9A07106F1C00908D00115AFA /* Info.plist */ = {isa = PBXFileReference; lastKnownFileType = text.plist.xml; path = Info.plist; sourceTree = "<group>"; };
		9A07107B1C009CCB00115AFA /* Lato-Regular.ttf */ = {isa = PBXFileReference; lastKnownFileType = file; path = "Lato-Regular.ttf"; sourceTree = "<group>"; };
		9A07107C1C009CD000115AFA /* Lato-Light.ttf */ = {isa = PBXFileReference; lastKnownFileType = file; path = "Lato-Light.ttf"; sourceTree = "<group>"; };
		9A0710821C00B0D700115AFA /* Bridge-Header.h */ = {isa = PBXFileReference; lastKnownFileType = sourcecode.c.h; path = "Bridge-Header.h"; sourceTree = "<group>"; };
		9AC861CB1C00B41D0099546F /* FBSDKLoginKit.framework */ = {isa = PBXFileReference; lastKnownFileType = wrapper.framework; name = FBSDKLoginKit.framework; path = ../../../Documents/FacebookSDK/FBSDKLoginKit.framework; sourceTree = "<group>"; };
		9AC861CD1C00B4210099546F /* FBSDKCoreKit.framework */ = {isa = PBXFileReference; lastKnownFileType = wrapper.framework; name = FBSDKCoreKit.framework; path = ../../../Documents/FacebookSDK/FBSDKCoreKit.framework; sourceTree = "<group>"; };
		9AC861D21C00B9E70099546F /* WelcomeViewController.swift */ = {isa = PBXFileReference; fileEncoding = 4; lastKnownFileType = sourcecode.swift; name = WelcomeViewController.swift; path = Controller/WelcomeViewController.swift; sourceTree = "<group>"; };
		9AC861D51C00C4BC0099546F /* CandidateFacebookData.swift */ = {isa = PBXFileReference; fileEncoding = 4; lastKnownFileType = sourcecode.swift; name = CandidateFacebookData.swift; path = Models/CandidateFacebookData.swift; sourceTree = "<group>"; };
/* End PBXFileReference section */

/* Begin PBXFrameworksBuildPhase section */
		9A0710471C00908D00115AFA /* Frameworks */ = {
			isa = PBXFrameworksBuildPhase;
			buildActionMask = 2147483647;
			files = (
				9AC861CC1C00B41D0099546F /* FBSDKLoginKit.framework in Frameworks */,
				9AC861CE1C00B4210099546F /* FBSDKCoreKit.framework in Frameworks */,
			);
			runOnlyForDeploymentPostprocessing = 0;
		};
		9A07105B1C00908D00115AFA /* Frameworks */ = {
			isa = PBXFrameworksBuildPhase;
			buildActionMask = 2147483647;
			files = (
			);
			runOnlyForDeploymentPostprocessing = 0;
		};
		9A0710661C00908D00115AFA /* Frameworks */ = {
			isa = PBXFrameworksBuildPhase;
			buildActionMask = 2147483647;
			files = (
			);
			runOnlyForDeploymentPostprocessing = 0;
		};
/* End PBXFrameworksBuildPhase section */

/* Begin PBXGroup section */
		9A0710411C00908D00115AFA = {
			isa = PBXGroup;
			children = (
				9A07104C1C00908D00115AFA /* FluidCash */,
				9A0710611C00908D00115AFA /* FluidCashTests */,
				9A07106C1C00908D00115AFA /* FluidCashUITests */,
				9A07104B1C00908D00115AFA /* Products */,
			);
			sourceTree = "<group>";
		};
		9A07104B1C00908D00115AFA /* Products */ = {
			isa = PBXGroup;
			children = (
				9A07104A1C00908D00115AFA /* FluidCash.app */,
				9A07105E1C00908D00115AFA /* FluidCashTests.xctest */,
				9A0710691C00908D00115AFA /* FluidCashUITests.xctest */,
			);
			name = Products;
			sourceTree = "<group>";
		};
		9A07104C1C00908D00115AFA /* FluidCash */ = {
			isa = PBXGroup;
			children = (
				9AC861D41C00C4980099546F /* Models */,
				9AC861CF1C00B9A60099546F /* Controllers */,
				9A07104D1C00908D00115AFA /* AppDelegate.swift */,
				9A0710511C00908D00115AFA /* Main.storyboard */,
				9A0710541C00908D00115AFA /* Assets.xcassets */,
				9A0710561C00908D00115AFA /* LaunchScreen.storyboard */,
				9A0710591C00908D00115AFA /* Info.plist */,
				9A07107C1C009CD000115AFA /* Lato-Light.ttf */,
				9A07107B1C009CCB00115AFA /* Lato-Regular.ttf */,
				9A0710821C00B0D700115AFA /* Bridge-Header.h */,
				9AC861CD1C00B4210099546F /* FBSDKCoreKit.framework */,
				9AC861CB1C00B41D0099546F /* FBSDKLoginKit.framework */,
			);
			path = FluidCash;
			sourceTree = "<group>";
		};
		9A0710611C00908D00115AFA /* FluidCashTests */ = {
			isa = PBXGroup;
			children = (
				9A0710621C00908D00115AFA /* FluidCashTests.swift */,
				9A0710641C00908D00115AFA /* Info.plist */,
			);
			path = FluidCashTests;
			sourceTree = "<group>";
		};
		9A07106C1C00908D00115AFA /* FluidCashUITests */ = {
			isa = PBXGroup;
			children = (
				9A07106D1C00908D00115AFA /* FluidCashUITests.swift */,
				9A07106F1C00908D00115AFA /* Info.plist */,
			);
			path = FluidCashUITests;
			sourceTree = "<group>";
		};
		9AC861CF1C00B9A60099546F /* Controllers */ = {
			isa = PBXGroup;
			children = (
				9AC861D21C00B9E70099546F /* WelcomeViewController.swift */,
			);
			name = Controllers;
			sourceTree = "<group>";
		};
		9AC861D41C00C4980099546F /* Models */ = {
			isa = PBXGroup;
			children = (
				9AC861D51C00C4BC0099546F /* CandidateFacebookData.swift */,
			);
			name = Models;
			sourceTree = "<group>";
		};
/* End PBXGroup section */

/* Begin PBXNativeTarget section */
		9A0710491C00908D00115AFA /* FluidCash */ = {
			isa = PBXNativeTarget;
			buildConfigurationList = 9A0710721C00908D00115AFA /* Build configuration list for PBXNativeTarget "FluidCash" */;
			buildPhases = (
				9A0710461C00908D00115AFA /* Sources */,
				9A0710471C00908D00115AFA /* Frameworks */,
				9A0710481C00908D00115AFA /* Resources */,
			);
			buildRules = (
			);
			dependencies = (
			);
			name = FluidCash;
			productName = FluidCash;
			productReference = 9A07104A1C00908D00115AFA /* FluidCash.app */;
			productType = "com.apple.product-type.application";
		};
		9A07105D1C00908D00115AFA /* FluidCashTests */ = {
			isa = PBXNativeTarget;
			buildConfigurationList = 9A0710751C00908D00115AFA /* Build configuration list for PBXNativeTarget "FluidCashTests" */;
			buildPhases = (
				9A07105A1C00908D00115AFA /* Sources */,
				9A07105B1C00908D00115AFA /* Frameworks */,
				9A07105C1C00908D00115AFA /* Resources */,
			);
			buildRules = (
			);
			dependencies = (
				9A0710601C00908D00115AFA /* PBXTargetDependency */,
			);
			name = FluidCashTests;
			productName = FluidCashTests;
			productReference = 9A07105E1C00908D00115AFA /* FluidCashTests.xctest */;
			productType = "com.apple.product-type.bundle.unit-test";
		};
		9A0710681C00908D00115AFA /* FluidCashUITests */ = {
			isa = PBXNativeTarget;
			buildConfigurationList = 9A0710781C00908D00115AFA /* Build configuration list for PBXNativeTarget "FluidCashUITests" */;
			buildPhases = (
				9A0710651C00908D00115AFA /* Sources */,
				9A0710661C00908D00115AFA /* Frameworks */,
				9A0710671C00908D00115AFA /* Resources */,
			);
			buildRules = (
			);
			dependencies = (
				9A07106B1C00908D00115AFA /* PBXTargetDependency */,
			);
			name = FluidCashUITests;
			productName = FluidCashUITests;
			productReference = 9A0710691C00908D00115AFA /* FluidCashUITests.xctest */;
			productType = "com.apple.product-type.bundle.ui-testing";
		};
/* End PBXNativeTarget section */

/* Begin PBXProject section */
		9A0710421C00908D00115AFA /* Project object */ = {
			isa = PBXProject;
			attributes = {
				LastSwiftUpdateCheck = 0710;
				LastUpgradeCheck = 0710;
				ORGANIZATIONNAME = "Aadesh Maheshwari";
				TargetAttributes = {
					9A0710491C00908D00115AFA = {
						CreatedOnToolsVersion = 7.1.1;
						DevelopmentTeam = KB2S2GGRRN;
					};
					9A07105D1C00908D00115AFA = {
						CreatedOnToolsVersion = 7.1.1;
						TestTargetID = 9A0710491C00908D00115AFA;
					};
					9A0710681C00908D00115AFA = {
						CreatedOnToolsVersion = 7.1.1;
						TestTargetID = 9A0710491C00908D00115AFA;
					};
				};
			};
			buildConfigurationList = 9A0710451C00908D00115AFA /* Build configuration list for PBXProject "FluidCash" */;
			compatibilityVersion = "Xcode 3.2";
			developmentRegion = English;
			hasScannedForEncodings = 0;
			knownRegions = (
				en,
				Base,
			);
			mainGroup = 9A0710411C00908D00115AFA;
			productRefGroup = 9A07104B1C00908D00115AFA /* Products */;
			projectDirPath = "";
			projectRoot = "";
			targets = (
				9A0710491C00908D00115AFA /* FluidCash */,
				9A07105D1C00908D00115AFA /* FluidCashTests */,
				9A0710681C00908D00115AFA /* FluidCashUITests */,
			);
		};
/* End PBXProject section */

/* Begin PBXResourcesBuildPhase section */
		9A0710481C00908D00115AFA /* Resources */ = {
			isa = PBXResourcesBuildPhase;
			buildActionMask = 2147483647;
			files = (
				9A0710581C00908D00115AFA /* LaunchScreen.storyboard in Resources */,
				9A0710551C00908D00115AFA /* Assets.xcassets in Resources */,
				9A0710531C00908D00115AFA /* Main.storyboard in Resources */,
			);
			runOnlyForDeploymentPostprocessing = 0;
		};
		9A07105C1C00908D00115AFA /* Resources */ = {
			isa = PBXResourcesBuildPhase;
			buildActionMask = 2147483647;
			files = (
			);
			runOnlyForDeploymentPostprocessing = 0;
		};
		9A0710671C00908D00115AFA /* Resources */ = {
			isa = PBXResourcesBuildPhase;
			buildActionMask = 2147483647;
			files = (
			);
			runOnlyForDeploymentPostprocessing = 0;
		};
/* End PBXResourcesBuildPhase section */

/* Begin PBXSourcesBuildPhase section */
		9A0710461C00908D00115AFA /* Sources */ = {
			isa = PBXSourcesBuildPhase;
			buildActionMask = 2147483647;
			files = (
				9A07104E1C00908D00115AFA /* AppDelegate.swift in Sources */,
				9AC861D61C00C4BC0099546F /* CandidateFacebookData.swift in Sources */,
				9AC861D31C00B9E70099546F /* WelcomeViewController.swift in Sources */,
			);
			runOnlyForDeploymentPostprocessing = 0;
		};
		9A07105A1C00908D00115AFA /* Sources */ = {
			isa = PBXSourcesBuildPhase;
			buildActionMask = 2147483647;
			files = (
				9A0710631C00908D00115AFA /* FluidCashTests.swift in Sources */,
			);
			runOnlyForDeploymentPostprocessing = 0;
		};
		9A0710651C00908D00115AFA /* Sources */ = {
			isa = PBXSourcesBuildPhase;
			buildActionMask = 2147483647;
			files = (
				9A07106E1C00908D00115AFA /* FluidCashUITests.swift in Sources */,
			);
			runOnlyForDeploymentPostprocessing = 0;
		};
/* End PBXSourcesBuildPhase section */

/* Begin PBXTargetDependency section */
		9A0710601C00908D00115AFA /* PBXTargetDependency */ = {
			isa = PBXTargetDependency;
			target = 9A0710491C00908D00115AFA /* FluidCash */;
			targetProxy = 9A07105F1C00908D00115AFA /* PBXContainerItemProxy */;
		};
		9A07106B1C00908D00115AFA /* PBXTargetDependency */ = {
			isa = PBXTargetDependency;
			target = 9A0710491C00908D00115AFA /* FluidCash */;
			targetProxy = 9A07106A1C00908D00115AFA /* PBXContainerItemProxy */;
		};
/* End PBXTargetDependency section */

/* Begin PBXVariantGroup section */
		9A0710511C00908D00115AFA /* Main.storyboard */ = {
			isa = PBXVariantGroup;
			children = (
				9A0710521C00908D00115AFA /* Base */,
			);
			name = Main.storyboard;
			sourceTree = "<group>";
		};
		9A0710561C00908D00115AFA /* LaunchScreen.storyboard */ = {
			isa = PBXVariantGroup;
			children = (
				9A0710571C00908D00115AFA /* Base */,
			);
			name = LaunchScreen.storyboard;
			sourceTree = "<group>";
		};
/* End PBXVariantGroup section */

/* Begin XCBuildConfiguration section */
		9A0710701C00908D00115AFA /* Debug */ = {
			isa = XCBuildConfiguration;
			buildSettings = {
				ALWAYS_SEARCH_USER_PATHS = NO;
				CLANG_CXX_LANGUAGE_STANDARD = "gnu++0x";
				CLANG_CXX_LIBRARY = "libc++";
				CLANG_ENABLE_MODULES = YES;
				CLANG_ENABLE_OBJC_ARC = YES;
				CLANG_WARN_BOOL_CONVERSION = YES;
				CLANG_WARN_CONSTANT_CONVERSION = YES;
				CLANG_WARN_DIRECT_OBJC_ISA_USAGE = YES_ERROR;
				CLANG_WARN_EMPTY_BODY = YES;
				CLANG_WARN_ENUM_CONVERSION = YES;
				CLANG_WARN_INT_CONVERSION = YES;
				CLANG_WARN_OBJC_ROOT_CLASS = YES_ERROR;
				CLANG_WARN_UNREACHABLE_CODE = YES;
				CLANG_WARN__DUPLICATE_METHOD_MATCH = YES;
				"CODE_SIGN_IDENTITY[sdk=iphoneos*]" = "iPhone Developer";
				COPY_PHASE_STRIP = NO;
				DEBUG_INFORMATION_FORMAT = dwarf;
				ENABLE_STRICT_OBJC_MSGSEND = YES;
				ENABLE_TESTABILITY = YES;
				GCC_C_LANGUAGE_STANDARD = gnu99;
				GCC_DYNAMIC_NO_PIC = NO;
				GCC_NO_COMMON_BLOCKS = YES;
				GCC_OPTIMIZATION_LEVEL = 0;
				GCC_PREPROCESSOR_DEFINITIONS = (
					"DEBUG=1",
					"$(inherited)",
				);
				GCC_WARN_64_TO_32_BIT_CONVERSION = YES;
				GCC_WARN_ABOUT_RETURN_TYPE = YES_ERROR;
				GCC_WARN_UNDECLARED_SELECTOR = YES;
				GCC_WARN_UNINITIALIZED_AUTOS = YES_AGGRESSIVE;
				GCC_WARN_UNUSED_FUNCTION = YES;
				GCC_WARN_UNUSED_VARIABLE = YES;
				IPHONEOS_DEPLOYMENT_TARGET = 9.1;
				MTL_ENABLE_DEBUG_INFO = YES;
				ONLY_ACTIVE_ARCH = YES;
				SDKROOT = iphoneos;
				SWIFT_OPTIMIZATION_LEVEL = "-Onone";
			};
			name = Debug;
		};
		9A0710711C00908D00115AFA /* Release */ = {
			isa = XCBuildConfiguration;
			buildSettings = {
				ALWAYS_SEARCH_USER_PATHS = NO;
				CLANG_CXX_LANGUAGE_STANDARD = "gnu++0x";
				CLANG_CXX_LIBRARY = "libc++";
				CLANG_ENABLE_MODULES = YES;
				CLANG_ENABLE_OBJC_ARC = YES;
				CLANG_WARN_BOOL_CONVERSION = YES;
				CLANG_WARN_CONSTANT_CONVERSION = YES;
				CLANG_WARN_DIRECT_OBJC_ISA_USAGE = YES_ERROR;
				CLANG_WARN_EMPTY_BODY = YES;
				CLANG_WARN_ENUM_CONVERSION = YES;
				CLANG_WARN_INT_CONVERSION = YES;
				CLANG_WARN_OBJC_ROOT_CLASS = YES_ERROR;
				CLANG_WARN_UNREACHABLE_CODE = YES;
				CLANG_WARN__DUPLICATE_METHOD_MATCH = YES;
				"CODE_SIGN_IDENTITY[sdk=iphoneos*]" = "iPhone Developer";
				COPY_PHASE_STRIP = NO;
				DEBUG_INFORMATION_FORMAT = "dwarf-with-dsym";
				ENABLE_NS_ASSERTIONS = NO;
				ENABLE_STRICT_OBJC_MSGSEND = YES;
				GCC_C_LANGUAGE_STANDARD = gnu99;
				GCC_NO_COMMON_BLOCKS = YES;
				GCC_WARN_64_TO_32_BIT_CONVERSION = YES;
				GCC_WARN_ABOUT_RETURN_TYPE = YES_ERROR;
				GCC_WARN_UNDECLARED_SELECTOR = YES;
				GCC_WARN_UNINITIALIZED_AUTOS = YES_AGGRESSIVE;
				GCC_WARN_UNUSED_FUNCTION = YES;
				GCC_WARN_UNUSED_VARIABLE = YES;
				IPHONEOS_DEPLOYMENT_TARGET = 9.1;
				MTL_ENABLE_DEBUG_INFO = NO;
				SDKROOT = iphoneos;
				VALIDATE_PRODUCT = YES;
			};
			name = Release;
		};
		9A0710731C00908D00115AFA /* Debug */ = {
			isa = XCBuildConfiguration;
			buildSettings = {
				ASSETCATALOG_COMPILER_APPICON_NAME = AppIcon;
				CODE_SIGN_IDENTITY = "iPhone Developer";
				FRAMEWORK_SEARCH_PATHS = (
					"$(inherited)",
					"$(PROJECT_DIR)/FluidCash",
					/Users/aadi007/Documents/FacebookSDK,
				);
				INFOPLIST_FILE = FluidCash/Info.plist;
				LD_RUNPATH_SEARCH_PATHS = "$(inherited) @executable_path/Frameworks";
				PRODUCT_BUNDLE_IDENTIFIER = aadi007.FluidCash;
				PRODUCT_NAME = "$(TARGET_NAME)";
				SWIFT_OBJC_BRIDGING_HEADER = "FluidCash/Bridge-Header.h";
			};
			name = Debug;
		};
		9A0710741C00908D00115AFA /* Release */ = {
			isa = XCBuildConfiguration;
			buildSettings = {
				ASSETCATALOG_COMPILER_APPICON_NAME = AppIcon;
				CODE_SIGN_IDENTITY = "iPhone Developer";
				FRAMEWORK_SEARCH_PATHS = (
					"$(inherited)",
					"$(PROJECT_DIR)/FluidCash",
					/Users/aadi007/Documents/FacebookSDK,
				);
				INFOPLIST_FILE = FluidCash/Info.plist;
				LD_RUNPATH_SEARCH_PATHS = "$(inherited) @executable_path/Frameworks";
				PRODUCT_BUNDLE_IDENTIFIER = aadi007.FluidCash;
				PRODUCT_NAME = "$(TARGET_NAME)";
				SWIFT_OBJC_BRIDGING_HEADER = "FluidCash/Bridge-Header.h";
			};
			name = Release;
		};
		9A0710761C00908D00115AFA /* Debug */ = {
			isa = XCBuildConfiguration;
			buildSettings = {
				BUNDLE_LOADER = "$(TEST_HOST)";
				INFOPLIST_FILE = FluidCashTests/Info.plist;
				LD_RUNPATH_SEARCH_PATHS = "$(inherited) @executable_path/Frameworks @loader_path/Frameworks";
				PRODUCT_BUNDLE_IDENTIFIER = aadi007.FluidCashTests;
				PRODUCT_NAME = "$(TARGET_NAME)";
				TEST_HOST = "$(BUILT_PRODUCTS_DIR)/FluidCash.app/FluidCash";
			};
			name = Debug;
		};
		9A0710771C00908D00115AFA /* Release */ = {
			isa = XCBuildConfiguration;
			buildSettings = {
				BUNDLE_LOADER = "$(TEST_HOST)";
				INFOPLIST_FILE = FluidCashTests/Info.plist;
				LD_RUNPATH_SEARCH_PATHS = "$(inherited) @executable_path/Frameworks @loader_path/Frameworks";
				PRODUCT_BUNDLE_IDENTIFIER = aadi007.FluidCashTests;
				PRODUCT_NAME = "$(TARGET_NAME)";
				TEST_HOST = "$(BUILT_PRODUCTS_DIR)/FluidCash.app/FluidCash";
			};
			name = Release;
		};
		9A0710791C00908D00115AFA /* Debug */ = {
			isa = XCBuildConfiguration;
			buildSettings = {
				INFOPLIST_FILE = FluidCashUITests/Info.plist;
				LD_RUNPATH_SEARCH_PATHS = "$(inherited) @executable_path/Frameworks @loader_path/Frameworks";
				PRODUCT_BUNDLE_IDENTIFIER = aadi007.FluidCashUITests;
				PRODUCT_NAME = "$(TARGET_NAME)";
				TEST_TARGET_NAME = FluidCash;
				USES_XCTRUNNER = YES;
			};
			name = Debug;
		};
		9A07107A1C00908D00115AFA /* Release */ = {
			isa = XCBuildConfiguration;
			buildSettings = {
				INFOPLIST_FILE = FluidCashUITests/Info.plist;
				LD_RUNPATH_SEARCH_PATHS = "$(inherited) @executable_path/Frameworks @loader_path/Frameworks";
				PRODUCT_BUNDLE_IDENTIFIER = aadi007.FluidCashUITests;
				PRODUCT_NAME = "$(TARGET_NAME)";
				TEST_TARGET_NAME = FluidCash;
				USES_XCTRUNNER = YES;
			};
			name = Release;
		};
/* End XCBuildConfiguration section */

/* Begin XCConfigurationList section */
		9A0710451C00908D00115AFA /* Build configuration list for PBXProject "FluidCash" */ = {
			isa = XCConfigurationList;
			buildConfigurations = (
				9A0710701C00908D00115AFA /* Debug */,
				9A0710711C00908D00115AFA /* Release */,
			);
			defaultConfigurationIsVisible = 0;
			defaultConfigurationName = Release;
		};
		9A0710721C00908D00115AFA /* Build configuration list for PBXNativeTarget "FluidCash" */ = {
			isa = XCConfigurationList;
			buildConfigurations = (
				9A0710731C00908D00115AFA /* Debug */,
				9A0710741C00908D00115AFA /* Release */,
			);
			defaultConfigurationIsVisible = 0;
			defaultConfigurationName = Release;
		};
		9A0710751C00908D00115AFA /* Build configuration list for PBXNativeTarget "FluidCashTests" */ = {
			isa = XCConfigurationList;
			buildConfigurations = (
				9A0710761C00908D00115AFA /* Debug */,
				9A0710771C00908D00115AFA /* Release */,
			);
			defaultConfigurationIsVisible = 0;
			defaultConfigurationName = Release;
		};
		9A0710781C00908D00115AFA /* Build configuration list for PBXNativeTarget "FluidCashUITests" */ = {
			isa = XCConfigurationList;
			buildConfigurations = (
				9A0710791C00908D00115AFA /* Debug */,
				9A07107A1C00908D00115AFA /* Release */,
			);
			defaultConfigurationIsVisible = 0;
			defaultConfigurationName = Release;
		};
/* End XCConfigurationList section */
	};
	rootObject = 9A0710421C00908D00115AFA /* Project object */;
}
